
Microsoft Visual Studio Solution File, Format Version 12.00
Project("{FAE04EC0-301F-11D3-BF4B-00C04F79EFBC}") = "Fahrschule2", "Fahrschule2\Fahrschule2.csproj", "{9A511F34-F448-49AA-84CF-4C686A5DD38B}"
EndProject
Global
	GlobalSection(SolutionConfigurationPlatforms) = preSolution
		Debug|Any CPU = Debug|Any CPU
		Release|Any CPU = Release|Any CPU
	EndGlobalSection
	GlobalSection(ProjectConfigurationPlatforms) = postSolution
		{9A511F34-F448-49AA-84CF-4C686A5DD38B}.Debug|Any CPU.ActiveCfg = Debug|Any CPU
		{9A511F34-F448-49AA-84CF-4C686A5DD38B}.Debug|Any CPU.Build.0 = Debug|Any CPU
		{9A511F34-F448-49AA-84CF-4C686A5DD38B}.Release|Any CPU.ActiveCfg = Release|Any CPU
		{9A511F34-F448-49AA-84CF-4C686A5DD38B}.Release|Any CPU.Build.0 = Release|Any CPU
	EndGlobalSection
EndGlobal
